// !$*UTF8*$!
{
	archiveVersion = 1;
	classes = {
	};
	objectVersion = 56;
	objects = {

/* Begin PBXBuildFile section */
		3A4A920D2BBC0EBB006F4839 /* FirebaseAuth in Frameworks */ = {isa = PBXBuildFile; productRef = 3A4A920C2BBC0EBB006F4839 /* FirebaseAuth */; };
		3A4A920F2BBC0EBB006F4839 /* FirebaseFirestoreCombine-Community in Frameworks */ = {isa = PBXBuildFile; productRef = 3A4A920E2BBC0EBB006F4839 /* FirebaseFirestoreCombine-Community */; };
		3A4A92112BBC0EBB006F4839 /* FirebaseFirestoreSwift in Frameworks */ = {isa = PBXBuildFile; productRef = 3A4A92102BBC0EBB006F4839 /* FirebaseFirestoreSwift */; };
		3A4A92152BBD8875006F4839 /* GoogleService-Info.plist in Resources */ = {isa = PBXBuildFile; fileRef = 3A4A92142BBD8875006F4839 /* GoogleService-Info.plist */; };
		3A6659B82BB6AF2E00A9AAAA /* ToDoListApp.swift in Sources */ = {isa = PBXBuildFile; fileRef = 3A6659B72BB6AF2E00A9AAAA /* ToDoListApp.swift */; };
		3A6659BA2BB6AF2E00A9AAAA /* MainView.swift in Sources */ = {isa = PBXBuildFile; fileRef = 3A6659B92BB6AF2E00A9AAAA /* MainView.swift */; };
		3A6659BC2BB6AF2F00A9AAAA /* Assets.xcassets in Resources */ = {isa = PBXBuildFile; fileRef = 3A6659BB2BB6AF2F00A9AAAA /* Assets.xcassets */; };
		3A6659BF2BB6AF2F00A9AAAA /* Preview Assets.xcassets in Resources */ = {isa = PBXBuildFile; fileRef = 3A6659BE2BB6AF2F00A9AAAA /* Preview Assets.xcassets */; };
		3A6659C92BB6AF2F00A9AAAA /* ToDoListTests.swift in Sources */ = {isa = PBXBuildFile; fileRef = 3A6659C82BB6AF2F00A9AAAA /* ToDoListTests.swift */; };
		3A6659D32BB6AF2F00A9AAAA /* ToDoListUITests.swift in Sources */ = {isa = PBXBuildFile; fileRef = 3A6659D22BB6AF2F00A9AAAA /* ToDoListUITests.swift */; };
		3A6659D52BB6AF2F00A9AAAA /* ToDoListUITestsLaunchTests.swift in Sources */ = {isa = PBXBuildFile; fileRef = 3A6659D42BB6AF2F00A9AAAA /* ToDoListUITestsLaunchTests.swift */; };
		3AEA60A02BDA90DC0007C91F /* ProfileView.swift in Sources */ = {isa = PBXBuildFile; fileRef = 3AEA609F2BDA90DC0007C91F /* ProfileView.swift */; };
		3AEA60A22BDA91190007C91F /* ToDoListView.swift in Sources */ = {isa = PBXBuildFile; fileRef = 3AEA60A12BDA91190007C91F /* ToDoListView.swift */; };
		3AEA60A42BDA914C0007C91F /* NewItemViev.swift in Sources */ = {isa = PBXBuildFile; fileRef = 3AEA60A32BDA914C0007C91F /* NewItemViev.swift */; };
		3AEA60A62BDA91600007C91F /* LoginView.swift in Sources */ = {isa = PBXBuildFile; fileRef = 3AEA60A52BDA91600007C91F /* LoginView.swift */; };
		3AEA60A82BDA917A0007C91F /* RegisterView.swift in Sources */ = {isa = PBXBuildFile; fileRef = 3AEA60A72BDA917A0007C91F /* RegisterView.swift */; };
		3AEA60AA2BDA9BA40007C91F /* ToDoListItemView.swift in Sources */ = {isa = PBXBuildFile; fileRef = 3AEA60A92BDA9BA40007C91F /* ToDoListItemView.swift */; };
		3AEA60AC2BDA9C2F0007C91F /* User.swift in Sources */ = {isa = PBXBuildFile; fileRef = 3AEA60AB2BDA9C2F0007C91F /* User.swift */; };
		3AEA60AE2BDA9C3F0007C91F /* ToDoListItem.swift in Sources */ = {isa = PBXBuildFile; fileRef = 3AEA60AD2BDA9C3F0007C91F /* ToDoListItem.swift */; };
		3AEA60B02BDA9CE70007C91F /* MainViewViewModel.swift in Sources */ = {isa = PBXBuildFile; fileRef = 3AEA60AF2BDA9CE70007C91F /* MainViewViewModel.swift */; };
		3AEA60B22BDA9CFD0007C91F /* ProfileViewViewModel.swift in Sources */ = {isa = PBXBuildFile; fileRef = 3AEA60B12BDA9CFD0007C91F /* ProfileViewViewModel.swift */; };
		3AEA60B42BDA9D1B0007C91F /* ToDoListViewViewModel.swift in Sources */ = {isa = PBXBuildFile; fileRef = 3AEA60B32BDA9D1B0007C91F /* ToDoListViewViewModel.swift */; };
		3AEA60B62BDA9D510007C91F /* NewItemViewViewModel.swift in Sources */ = {isa = PBXBuildFile; fileRef = 3AEA60B52BDA9D510007C91F /* NewItemViewViewModel.swift */; };
		3AEA60B82BDA9D660007C91F /* LoginViewViewModel.swift in Sources */ = {isa = PBXBuildFile; fileRef = 3AEA60B72BDA9D660007C91F /* LoginViewViewModel.swift */; };
		3AEA60BA2BDA9D880007C91F /* RegisterViewViewModel.swift in Sources */ = {isa = PBXBuildFile; fileRef = 3AEA60B92BDA9D880007C91F /* RegisterViewViewModel.swift */; };
		3AFCF2782C038802008D56A9 /* Media.xcassets in Resources */ = {isa = PBXBuildFile; fileRef = 3AFCF2772C038802008D56A9 /* Media.xcassets */; };
/* End PBXBuildFile section */

/* Begin PBXContainerItemProxy section */
		3A6659C52BB6AF2F00A9AAAA /* PBXContainerItemProxy */ = {
			isa = PBXContainerItemProxy;
			containerPortal = 3A6659AC2BB6AF2E00A9AAAA /* Project object */;
			proxyType = 1;
			remoteGlobalIDString = 3A6659B32BB6AF2E00A9AAAA;
			remoteInfo = ToDoList;
		};
		3A6659CF2BB6AF2F00A9AAAA /* PBXContainerItemProxy */ = {
			isa = PBXContainerItemProxy;
			containerPortal = 3A6659AC2BB6AF2E00A9AAAA /* Project object */;
			proxyType = 1;
			remoteGlobalIDString = 3A6659B32BB6AF2E00A9AAAA;
			remoteInfo = ToDoList;
		};
/* End PBXContainerItemProxy section */

/* Begin PBXFileReference section */
		3A4A92142BBD8875006F4839 /* GoogleService-Info.plist */ = {isa = PBXFileReference; fileEncoding = 4; lastKnownFileType = text.plist.xml; path = "GoogleService-Info.plist"; sourceTree = "<group>"; };
		3A6659B42BB6AF2E00A9AAAA /* ToDoList.app */ = {isa = PBXFileReference; explicitFileType = wrapper.application; includeInIndex = 0; path = ToDoList.app; sourceTree = BUILT_PRODUCTS_DIR; };
		3A6659B72BB6AF2E00A9AAAA /* ToDoListApp.swift */ = {isa = PBXFileReference; lastKnownFileType = sourcecode.swift; path = ToDoListApp.swift; sourceTree = "<group>"; };
		3A6659B92BB6AF2E00A9AAAA /* MainView.swift */ = {isa = PBXFileReference; lastKnownFileType = sourcecode.swift; path = MainView.swift; sourceTree = "<group>"; };
		3A6659BB2BB6AF2F00A9AAAA /* Assets.xcassets */ = {isa = PBXFileReference; lastKnownFileType = folder.assetcatalog; path = Assets.xcassets; sourceTree = "<group>"; };
		3A6659BE2BB6AF2F00A9AAAA /* Preview Assets.xcassets */ = {isa = PBXFileReference; lastKnownFileType = folder.assetcatalog; path = "Preview Assets.xcassets"; sourceTree = "<group>"; };
		3A6659C42BB6AF2F00A9AAAA /* ToDoListTests.xctest */ = {isa = PBXFileReference; explicitFileType = wrapper.cfbundle; includeInIndex = 0; path = ToDoListTests.xctest; sourceTree = BUILT_PRODUCTS_DIR; };
		3A6659C82BB6AF2F00A9AAAA /* ToDoListTests.swift */ = {isa = PBXFileReference; lastKnownFileType = sourcecode.swift; path = ToDoListTests.swift; sourceTree = "<group>"; };
		3A6659CE2BB6AF2F00A9AAAA /* ToDoListUITests.xctest */ = {isa = PBXFileReference; explicitFileType = wrapper.cfbundle; includeInIndex = 0; path = ToDoListUITests.xctest; sourceTree = BUILT_PRODUCTS_DIR; };
		3A6659D22BB6AF2F00A9AAAA /* ToDoListUITests.swift */ = {isa = PBXFileReference; lastKnownFileType = sourcecode.swift; path = ToDoListUITests.swift; sourceTree = "<group>"; };
		3A6659D42BB6AF2F00A9AAAA /* ToDoListUITestsLaunchTests.swift */ = {isa = PBXFileReference; lastKnownFileType = sourcecode.swift; path = ToDoListUITestsLaunchTests.swift; sourceTree = "<group>"; };
		3AEA609F2BDA90DC0007C91F /* ProfileView.swift */ = {isa = PBXFileReference; lastKnownFileType = sourcecode.swift; path = ProfileView.swift; sourceTree = "<group>"; };
		3AEA60A12BDA91190007C91F /* ToDoListView.swift */ = {isa = PBXFileReference; lastKnownFileType = sourcecode.swift; path = ToDoListView.swift; sourceTree = "<group>"; };
		3AEA60A32BDA914C0007C91F /* NewItemViev.swift */ = {isa = PBXFileReference; lastKnownFileType = sourcecode.swift; path = NewItemViev.swift; sourceTree = "<group>"; };
		3AEA60A52BDA91600007C91F /* LoginView.swift */ = {isa = PBXFileReference; lastKnownFileType = sourcecode.swift; path = LoginView.swift; sourceTree = "<group>"; };
		3AEA60A72BDA917A0007C91F /* RegisterView.swift */ = {isa = PBXFileReference; lastKnownFileType = sourcecode.swift; path = RegisterView.swift; sourceTree = "<group>"; };
		3AEA60A92BDA9BA40007C91F /* ToDoListItemView.swift */ = {isa = PBXFileReference; lastKnownFileType = sourcecode.swift; path = ToDoListItemView.swift; sourceTree = "<group>"; };
		3AEA60AB2BDA9C2F0007C91F /* User.swift */ = {isa = PBXFileReference; lastKnownFileType = sourcecode.swift; path = User.swift; sourceTree = "<group>"; };
		3AEA60AD2BDA9C3F0007C91F /* ToDoListItem.swift */ = {isa = PBXFileReference; lastKnownFileType = sourcecode.swift; path = ToDoListItem.swift; sourceTree = "<group>"; };
		3AEA60AF2BDA9CE70007C91F /* MainViewViewModel.swift */ = {isa = PBXFileReference; lastKnownFileType = sourcecode.swift; path = MainViewViewModel.swift; sourceTree = "<group>"; };
		3AEA60B12BDA9CFD0007C91F /* ProfileViewViewModel.swift */ = {isa = PBXFileReference; lastKnownFileType = sourcecode.swift; path = ProfileViewViewModel.swift; sourceTree = "<group>"; };
		3AEA60B32BDA9D1B0007C91F /* ToDoListViewViewModel.swift */ = {isa = PBXFileReference; lastKnownFileType = sourcecode.swift; path = ToDoListViewViewModel.swift; sourceTree = "<group>"; };
		3AEA60B52BDA9D510007C91F /* NewItemViewViewModel.swift */ = {isa = PBXFileReference; lastKnownFileType = sourcecode.swift; path = NewItemViewViewModel.swift; sourceTree = "<group>"; };
		3AEA60B72BDA9D660007C91F /* LoginViewViewModel.swift */ = {isa = PBXFileReference; lastKnownFileType = sourcecode.swift; path = LoginViewViewModel.swift; sourceTree = "<group>"; };
		3AEA60B92BDA9D880007C91F /* RegisterViewViewModel.swift */ = {isa = PBXFileReference; lastKnownFileType = sourcecode.swift; path = RegisterViewViewModel.swift; sourceTree = "<group>"; };
		3AFCF2772C038802008D56A9 /* Media.xcassets */ = {isa = PBXFileReference; lastKnownFileType = folder.assetcatalog; path = Media.xcassets; sourceTree = "<group>"; };
/* End PBXFileReference section */

/* Begin PBXFrameworksBuildPhase section */
		3A6659B12BB6AF2E00A9AAAA /* Frameworks */ = {
			isa = PBXFrameworksBuildPhase;
			buildActionMask = 2147483647;
			files = (
				3A4A920D2BBC0EBB006F4839 /* FirebaseAuth in Frameworks */,
				3A4A920F2BBC0EBB006F4839 /* FirebaseFirestoreCombine-Community in Frameworks */,
				3A4A92112BBC0EBB006F4839 /* FirebaseFirestoreSwift in Frameworks */,
			);
			runOnlyForDeploymentPostprocessing = 0;
		};
		3A6659C12BB6AF2F00A9AAAA /* Frameworks */ = {
			isa = PBXFrameworksBuildPhase;
			buildActionMask = 2147483647;
			files = (
			);
			runOnlyForDeploymentPostprocessing = 0;
		};
		3A6659CB2BB6AF2F00A9AAAA /* Frameworks */ = {
			isa = PBXFrameworksBuildPhase;
			buildActionMask = 2147483647;
			files = (
			);
			runOnlyForDeploymentPostprocessing = 0;
		};
/* End PBXFrameworksBuildPhase section */

/* Begin PBXGroup section */
		3A4A92162BBD8B07006F4839 /* Views */ = {
			isa = PBXGroup;
			children = (
			);
			path = Views;
			sourceTree = "<group>";
		};
		3A4A92182BBD8B1E006F4839 /* ViewModels */ = {
			isa = PBXGroup;
			children = (
				3AEA60AF2BDA9CE70007C91F /* MainViewViewModel.swift */,
				3AEA60B12BDA9CFD0007C91F /* ProfileViewViewModel.swift */,
				3AEA60B32BDA9D1B0007C91F /* ToDoListViewViewModel.swift */,
				3AEA60B52BDA9D510007C91F /* NewItemViewViewModel.swift */,
				3AEA60B72BDA9D660007C91F /* LoginViewViewModel.swift */,
				3AEA60B92BDA9D880007C91F /* RegisterViewViewModel.swift */,
			);
			path = ViewModels;
			sourceTree = "<group>";
		};
		3A4A92192BBD8B44006F4839 /* Models */ = {
			isa = PBXGroup;
			children = (
				3AEA60AB2BDA9C2F0007C91F /* User.swift */,
				3AEA60AD2BDA9C3F0007C91F /* ToDoListItem.swift */,
			);
			path = Models;
			sourceTree = "<group>";
		};
		3A4A921A2BBD8B4D006F4839 /* Other */ = {
			isa = PBXGroup;
			children = (
				3A6659BB2BB6AF2F00A9AAAA /* Assets.xcassets */,
				3A6659B72BB6AF2E00A9AAAA /* ToDoListApp.swift */,
				3A4A92142BBD8875006F4839 /* GoogleService-Info.plist */,
			);
			path = Other;
			sourceTree = "<group>";
		};
		3A6659AB2BB6AF2E00A9AAAA = {
			isa = PBXGroup;
			children = (
				3AFCF2772C038802008D56A9 /* Media.xcassets */,
				3A6659B62BB6AF2E00A9AAAA /* ToDoList */,
				3A6659C72BB6AF2F00A9AAAA /* ToDoListTests */,
				3A6659D12BB6AF2F00A9AAAA /* ToDoListUITests */,
				3A6659B52BB6AF2E00A9AAAA /* Products */,
			);
			sourceTree = "<group>";
		};
		3A6659B52BB6AF2E00A9AAAA /* Products */ = {
			isa = PBXGroup;
			children = (
				3A6659B42BB6AF2E00A9AAAA /* ToDoList.app */,
				3A6659C42BB6AF2F00A9AAAA /* ToDoListTests.xctest */,
				3A6659CE2BB6AF2F00A9AAAA /* ToDoListUITests.xctest */,
			);
			name = Products;
			sourceTree = "<group>";
		};
		3A6659B62BB6AF2E00A9AAAA /* ToDoList */ = {
			isa = PBXGroup;
			children = (
				3A4A921A2BBD8B4D006F4839 /* Other */,
				3A4A92192BBD8B44006F4839 /* Models */,
				3A4A92182BBD8B1E006F4839 /* ViewModels */,
				3A4A92162BBD8B07006F4839 /* Views */,
				3A6659B92BB6AF2E00A9AAAA /* MainView.swift */,
				3AEA609F2BDA90DC0007C91F /* ProfileView.swift */,
				3AEA60A12BDA91190007C91F /* ToDoListView.swift */,
				3AEA60A32BDA914C0007C91F /* NewItemViev.swift */,
				3AEA60A52BDA91600007C91F /* LoginView.swift */,
				3AEA60A72BDA917A0007C91F /* RegisterView.swift */,
				3AEA60A92BDA9BA40007C91F /* ToDoListItemView.swift */,
				3A6659BD2BB6AF2F00A9AAAA /* Preview Content */,
			);
			path = ToDoList;
			sourceTree = "<group>";
		};
		3A6659BD2BB6AF2F00A9AAAA /* Preview Content */ = {
			isa = PBXGroup;
			children = (
				3A6659BE2BB6AF2F00A9AAAA /* Preview Assets.xcassets */,
			);
			path = "Preview Content";
			sourceTree = "<group>";
		};
		3A6659C72BB6AF2F00A9AAAA /* ToDoListTests */ = {
			isa = PBXGroup;
			children = (
				3A6659C82BB6AF2F00A9AAAA /* ToDoListTests.swift */,
			);
			path = ToDoListTests;
			sourceTree = "<group>";
		};
		3A6659D12BB6AF2F00A9AAAA /* ToDoListUITests */ = {
			isa = PBXGroup;
			children = (
				3A6659D22BB6AF2F00A9AAAA /* ToDoListUITests.swift */,
				3A6659D42BB6AF2F00A9AAAA /* ToDoListUITestsLaunchTests.swift */,
			);
			path = ToDoListUITests;
			sourceTree = "<group>";
		};
/* End PBXGroup section */

/* Begin PBXNativeTarget section */
		3A6659B32BB6AF2E00A9AAAA /* ToDoList */ = {
			isa = PBXNativeTarget;
			buildConfigurationList = 3A6659D82BB6AF2F00A9AAAA /* Build configuration list for PBXNativeTarget "ToDoList" */;
			buildPhases = (
				3A6659B02BB6AF2E00A9AAAA /* Sources */,
				3A6659B12BB6AF2E00A9AAAA /* Frameworks */,
				3A6659B22BB6AF2E00A9AAAA /* Resources */,
			);
			buildRules = (
			);
			dependencies = (
			);
			name = ToDoList;
			packageProductDependencies = (
				3A4A920C2BBC0EBB006F4839 /* FirebaseAuth */,
				3A4A920E2BBC0EBB006F4839 /* FirebaseFirestoreCombine-Community */,
				3A4A92102BBC0EBB006F4839 /* FirebaseFirestoreSwift */,
			);
			productName = ToDoList;
			productReference = 3A6659B42BB6AF2E00A9AAAA /* ToDoList.app */;
			productType = "com.apple.product-type.application";
		};
		3A6659C32BB6AF2F00A9AAAA /* ToDoListTests */ = {
			isa = PBXNativeTarget;
			buildConfigurationList = 3A6659DB2BB6AF2F00A9AAAA /* Build configuration list for PBXNativeTarget "ToDoListTests" */;
			buildPhases = (
				3A6659C02BB6AF2F00A9AAAA /* Sources */,
				3A6659C12BB6AF2F00A9AAAA /* Frameworks */,
				3A6659C22BB6AF2F00A9AAAA /* Resources */,
			);
			buildRules = (
			);
			dependencies = (
				3A6659C62BB6AF2F00A9AAAA /* PBXTargetDependency */,
			);
			name = ToDoListTests;
			productName = ToDoListTests;
			productReference = 3A6659C42BB6AF2F00A9AAAA /* ToDoListTests.xctest */;
			productType = "com.apple.product-type.bundle.unit-test";
		};
		3A6659CD2BB6AF2F00A9AAAA /* ToDoListUITests */ = {
			isa = PBXNativeTarget;
			buildConfigurationList = 3A6659DE2BB6AF2F00A9AAAA /* Build configuration list for PBXNativeTarget "ToDoListUITests" */;
			buildPhases = (
				3A6659CA2BB6AF2F00A9AAAA /* Sources */,
				3A6659CB2BB6AF2F00A9AAAA /* Frameworks */,
				3A6659CC2BB6AF2F00A9AAAA /* Resources */,
			);
			buildRules = (
			);
			dependencies = (
				3A6659D02BB6AF2F00A9AAAA /* PBXTargetDependency */,
			);
			name = ToDoListUITests;
			productName = ToDoListUITests;
			productReference = 3A6659CE2BB6AF2F00A9AAAA /* ToDoListUITests.xctest */;
			productType = "com.apple.product-type.bundle.ui-testing";
		};
/* End PBXNativeTarget section */

/* Begin PBXProject section */
		3A6659AC2BB6AF2E00A9AAAA /* Project object */ = {
			isa = PBXProject;
			attributes = {
				BuildIndependentTargetsInParallel = 1;
				LastSwiftUpdateCheck = 1530;
				LastUpgradeCheck = 1530;
				TargetAttributes = {
					3A6659B32BB6AF2E00A9AAAA = {
						CreatedOnToolsVersion = 15.3;
					};
					3A6659C32BB6AF2F00A9AAAA = {
						CreatedOnToolsVersion = 15.3;
						TestTargetID = 3A6659B32BB6AF2E00A9AAAA;
					};
					3A6659CD2BB6AF2F00A9AAAA = {
						CreatedOnToolsVersion = 15.3;
						TestTargetID = 3A6659B32BB6AF2E00A9AAAA;
					};
				};
			};
			buildConfigurationList = 3A6659AF2BB6AF2E00A9AAAA /* Build configuration list for PBXProject "ToDoList" */;
			compatibilityVersion = "Xcode 14.0";
			developmentRegion = en;
			hasScannedForEncodings = 0;
			knownRegions = (
				en,
				Base,
			);
			mainGroup = 3A6659AB2BB6AF2E00A9AAAA;
			packageReferences = (
				3A4A920B2BBC0EBB006F4839 /* XCRemoteSwiftPackageReference "firebase-ios-sdk" */,
			);
			productRefGroup = 3A6659B52BB6AF2E00A9AAAA /* Products */;
			projectDirPath = "";
			projectRoot = "";
			targets = (
				3A6659B32BB6AF2E00A9AAAA /* ToDoList */,
				3A6659C32BB6AF2F00A9AAAA /* ToDoListTests */,
				3A6659CD2BB6AF2F00A9AAAA /* ToDoListUITests */,
			);
		};
/* End PBXProject section */

/* Begin PBXResourcesBuildPhase section */
		3A6659B22BB6AF2E00A9AAAA /* Resources */ = {
			isa = PBXResourcesBuildPhase;
			buildActionMask = 2147483647;
			files = (
				3A6659BF2BB6AF2F00A9AAAA /* Preview Assets.xcassets in Resources */,
				3A6659BC2BB6AF2F00A9AAAA /* Assets.xcassets in Resources */,
				3AFCF2782C038802008D56A9 /* Media.xcassets in Resources */,
				3A4A92152BBD8875006F4839 /* GoogleService-Info.plist in Resources */,
			);
			runOnlyForDeploymentPostprocessing = 0;
		};
		3A6659C22BB6AF2F00A9AAAA /* Resources */ = {
			isa = PBXResourcesBuildPhase;
			buildActionMask = 2147483647;
			files = (
			);
			runOnlyForDeploymentPostprocessing = 0;
		};
		3A6659CC2BB6AF2F00A9AAAA /* Resources */ = {
			isa = PBXResourcesBuildPhase;
			buildActionMask = 2147483647;
			files = (
			);
			runOnlyForDeploymentPostprocessing = 0;
		};
/* End PBXResourcesBuildPhase section */

/* Begin PBXSourcesBuildPhase section */
		3A6659B02BB6AF2E00A9AAAA /* Sources */ = {
			isa = PBXSourcesBuildPhase;
			buildActionMask = 2147483647;
			files = (
				3AEA60A62BDA91600007C91F /* LoginView.swift in Sources */,
				3AEA60A02BDA90DC0007C91F /* ProfileView.swift in Sources */,
				3AEA60BA2BDA9D880007C91F /* RegisterViewViewModel.swift in Sources */,
				3AEA60B02BDA9CE70007C91F /* MainViewViewModel.swift in Sources */,
				3AEA60A22BDA91190007C91F /* ToDoListView.swift in Sources */,
				3AEA60A82BDA917A0007C91F /* RegisterView.swift in Sources */,
				3AEA60B22BDA9CFD0007C91F /* ProfileViewViewModel.swift in Sources */,
				3A6659BA2BB6AF2E00A9AAAA /* MainView.swift in Sources */,
				3AEA60AC2BDA9C2F0007C91F /* User.swift in Sources */,
				3AEA60AA2BDA9BA40007C91F /* ToDoListItemView.swift in Sources */,
				3AEA60B42BDA9D1B0007C91F /* ToDoListViewViewModel.swift in Sources */,
				3AEA60B82BDA9D660007C91F /* LoginViewViewModel.swift in Sources */,
				3A6659B82BB6AF2E00A9AAAA /* ToDoListApp.swift in Sources */,
				3AEA60AE2BDA9C3F0007C91F /* ToDoListItem.swift in Sources */,
				3AEA60A42BDA914C0007C91F /* NewItemViev.swift in Sources */,
				3AEA60B62BDA9D510007C91F /* NewItemViewViewModel.swift in Sources */,
			);
			runOnlyForDeploymentPostprocessing = 0;
		};
		3A6659C02BB6AF2F00A9AAAA /* Sources */ = {
			isa = PBXSourcesBuildPhase;
			buildActionMask = 2147483647;
			files = (
				3A6659C92BB6AF2F00A9AAAA /* ToDoListTests.swift in Sources */,
			);
			runOnlyForDeploymentPostprocessing = 0;
		};
		3A6659CA2BB6AF2F00A9AAAA /* Sources */ = {
			isa = PBXSourcesBuildPhase;
			buildActionMask = 2147483647;
			files = (
				3A6659D52BB6AF2F00A9AAAA /* ToDoListUITestsLaunchTests.swift in Sources */,
				3A6659D32BB6AF2F00A9AAAA /* ToDoListUITests.swift in Sources */,
			);
			runOnlyForDeploymentPostprocessing = 0;
		};
/* End PBXSourcesBuildPhase section */

/* Begin PBXTargetDependency section */
		3A6659C62BB6AF2F00A9AAAA /* PBXTargetDependency */ = {
			isa = PBXTargetDependency;
			target = 3A6659B32BB6AF2E00A9AAAA /* ToDoList */;
			targetProxy = 3A6659C52BB6AF2F00A9AAAA /* PBXContainerItemProxy */;
		};
		3A6659D02BB6AF2F00A9AAAA /* PBXTargetDependency */ = {
			isa = PBXTargetDependency;
			target = 3A6659B32BB6AF2E00A9AAAA /* ToDoList */;
			targetProxy = 3A6659CF2BB6AF2F00A9AAAA /* PBXContainerItemProxy */;
		};
/* End PBXTargetDependency section */

/* Begin XCBuildConfiguration section */
		3A6659D62BB6AF2F00A9AAAA /* Debug */ = {
			isa = XCBuildConfiguration;
			buildSettings = {
				ALWAYS_SEARCH_USER_PATHS = NO;
				ASSETCATALOG_COMPILER_GENERATE_SWIFT_ASSET_SYMBOL_EXTENSIONS = YES;
				CLANG_ANALYZER_NONNULL = YES;
				CLANG_ANALYZER_NUMBER_OBJECT_CONVERSION = YES_AGGRESSIVE;
				CLANG_CXX_LANGUAGE_STANDARD = "gnu++20";
				CLANG_ENABLE_MODULES = YES;
				CLANG_ENABLE_OBJC_ARC = YES;
				CLANG_ENABLE_OBJC_WEAK = YES;
				CLANG_WARN_BLOCK_CAPTURE_AUTORELEASING = YES;
				CLANG_WARN_BOOL_CONVERSION = YES;
				CLANG_WARN_COMMA = YES;
				CLANG_WARN_CONSTANT_CONVERSION = YES;
				CLANG_WARN_DEPRECATED_OBJC_IMPLEMENTATIONS = YES;
				CLANG_WARN_DIRECT_OBJC_ISA_USAGE = YES_ERROR;
				CLANG_WARN_DOCUMENTATION_COMMENTS = YES;
				CLANG_WARN_EMPTY_BODY = YES;
				CLANG_WARN_ENUM_CONVERSION = YES;
				CLANG_WARN_INFINITE_RECURSION = YES;
				CLANG_WARN_INT_CONVERSION = YES;
				CLANG_WARN_NON_LITERAL_NULL_CONVERSION = YES;
				CLANG_WARN_OBJC_IMPLICIT_RETAIN_SELF = YES;
				CLANG_WARN_OBJC_LITERAL_CONVERSION = YES;
				CLANG_WARN_OBJC_ROOT_CLASS = YES_ERROR;
				CLANG_WARN_QUOTED_INCLUDE_IN_FRAMEWORK_HEADER = YES;
				CLANG_WARN_RANGE_LOOP_ANALYSIS = YES;
				CLANG_WARN_STRICT_PROTOTYPES = YES;
				CLANG_WARN_SUSPICIOUS_MOVE = YES;
				CLANG_WARN_UNGUARDED_AVAILABILITY = YES_AGGRESSIVE;
				CLANG_WARN_UNREACHABLE_CODE = YES;
				CLANG_WARN__DUPLICATE_METHOD_MATCH = YES;
				COPY_PHASE_STRIP = NO;
				DEBUG_INFORMATION_FORMAT = dwarf;
				ENABLE_STRICT_OBJC_MSGSEND = YES;
				ENABLE_TESTABILITY = YES;
				ENABLE_USER_SCRIPT_SANDBOXING = YES;
				GCC_C_LANGUAGE_STANDARD = gnu17;
				GCC_DYNAMIC_NO_PIC = NO;
				GCC_NO_COMMON_BLOCKS = YES;
				GCC_OPTIMIZATION_LEVEL = 0;
				GCC_PREPROCESSOR_DEFINITIONS = (
					"DEBUG=1",
					"$(inherited)",
				);
				GCC_WARN_64_TO_32_BIT_CONVERSION = YES;
				GCC_WARN_ABOUT_RETURN_TYPE = YES_ERROR;
				GCC_WARN_UNDECLARED_SELECTOR = YES;
				GCC_WARN_UNINITIALIZED_AUTOS = YES_AGGRESSIVE;
				GCC_WARN_UNUSED_FUNCTION = YES;
				GCC_WARN_UNUSED_VARIABLE = YES;
				IPHONEOS_DEPLOYMENT_TARGET = 17.4;
				LOCALIZATION_PREFERS_STRING_CATALOGS = YES;
				MTL_ENABLE_DEBUG_INFO = INCLUDE_SOURCE;
				MTL_FAST_MATH = YES;
				ONLY_ACTIVE_ARCH = YES;
				SDKROOT = iphoneos;
				SWIFT_ACTIVE_COMPILATION_CONDITIONS = "DEBUG $(inherited)";
				SWIFT_OPTIMIZATION_LEVEL = "-Onone";
			};
			name = Debug;
		};
		3A6659D72BB6AF2F00A9AAAA /* Release */ = {
			isa = XCBuildConfiguration;
			buildSettings = {
				ALWAYS_SEARCH_USER_PATHS = NO;
				ASSETCATALOG_COMPILER_GENERATE_SWIFT_ASSET_SYMBOL_EXTENSIONS = YES;
				CLANG_ANALYZER_NONNULL = YES;
				CLANG_ANALYZER_NUMBER_OBJECT_CONVERSION = YES_AGGRESSIVE;
				CLANG_CXX_LANGUAGE_STANDARD = "gnu++20";
				CLANG_ENABLE_MODULES = YES;
				CLANG_ENABLE_OBJC_ARC = YES;
				CLANG_ENABLE_OBJC_WEAK = YES;
				CLANG_WARN_BLOCK_CAPTURE_AUTORELEASING = YES;
				CLANG_WARN_BOOL_CONVERSION = YES;
				CLANG_WARN_COMMA = YES;
				CLANG_WARN_CONSTANT_CONVERSION = YES;
				CLANG_WARN_DEPRECATED_OBJC_IMPLEMENTATIONS = YES;
				CLANG_WARN_DIRECT_OBJC_ISA_USAGE = YES_ERROR;
				CLANG_WARN_DOCUMENTATION_COMMENTS = YES;
				CLANG_WARN_EMPTY_BODY = YES;
				CLANG_WARN_ENUM_CONVERSION = YES;
				CLANG_WARN_INFINITE_RECURSION = YES;
				CLANG_WARN_INT_CONVERSION = YES;
				CLANG_WARN_NON_LITERAL_NULL_CONVERSION = YES;
				CLANG_WARN_OBJC_IMPLICIT_RETAIN_SELF = YES;
				CLANG_WARN_OBJC_LITERAL_CONVERSION = YES;
				CLANG_WARN_OBJC_ROOT_CLASS = YES_ERROR;
				CLANG_WARN_QUOTED_INCLUDE_IN_FRAMEWORK_HEADER = YES;
				CLANG_WARN_RANGE_LOOP_ANALYSIS = YES;
				CLANG_WARN_STRICT_PROTOTYPES = YES;
				CLANG_WARN_SUSPICIOUS_MOVE = YES;
				CLANG_WARN_UNGUARDED_AVAILABILITY = YES_AGGRESSIVE;
				CLANG_WARN_UNREACHABLE_CODE = YES;
				CLANG_WARN__DUPLICATE_METHOD_MATCH = YES;
				COPY_PHASE_STRIP = NO;
				DEBUG_INFORMATION_FORMAT = "dwarf-with-dsym";
				ENABLE_NS_ASSERTIONS = NO;
				ENABLE_STRICT_OBJC_MSGSEND = YES;
				ENABLE_USER_SCRIPT_SANDBOXING = YES;
				GCC_C_LANGUAGE_STANDARD = gnu17;
				GCC_NO_COMMON_BLOCKS = YES;
				GCC_WARN_64_TO_32_BIT_CONVERSION = YES;
				GCC_WARN_ABOUT_RETURN_TYPE = YES_ERROR;
				GCC_WARN_UNDECLARED_SELECTOR = YES;
				GCC_WARN_UNINITIALIZED_AUTOS = YES_AGGRESSIVE;
				GCC_WARN_UNUSED_FUNCTION = YES;
				GCC_WARN_UNUSED_VARIABLE = YES;
				IPHONEOS_DEPLOYMENT_TARGET = 17.4;
				LOCALIZATION_PREFERS_STRING_CATALOGS = YES;
				MTL_ENABLE_DEBUG_INFO = NO;
				MTL_FAST_MATH = YES;
				SDKROOT = iphoneos;
				SWIFT_COMPILATION_MODE = wholemodule;
				VALIDATE_PRODUCT = YES;
			};
			name = Release;
		};
		3A6659D92BB6AF2F00A9AAAA /* Debug */ = {
			isa = XCBuildConfiguration;
			buildSettings = {
				ASSETCATALOG_COMPILER_APPICON_NAME = AppIcon;
				ASSETCATALOG_COMPILER_GLOBAL_ACCENT_COLOR_NAME = AccentColor;
				CODE_SIGN_STYLE = Automatic;
				CURRENT_PROJECT_VERSION = 1;
				DEVELOPMENT_ASSET_PATHS = "\"ToDoList/Preview Content\"";
				ENABLE_PREVIEWS = YES;
				GENERATE_INFOPLIST_FILE = YES;
				INFOPLIST_KEY_CFBundleDisplayName = "To Do List";
				INFOPLIST_KEY_UIApplicationSceneManifest_Generation = YES;
				INFOPLIST_KEY_UIApplicationSupportsIndirectInputEvents = YES;
				INFOPLIST_KEY_UILaunchScreen_Generation = YES;
				INFOPLIST_KEY_UISupportedInterfaceOrientations = UIInterfaceOrientationPortrait;
				LD_RUNPATH_SEARCH_PATHS = (
					"$(inherited)",
					"@executable_path/Frameworks",
				);
				MARKETING_VERSION = 1.0;
				PRODUCT_BUNDLE_IDENTIFIER = io.zuleyhakezer.ToDoList;
				PRODUCT_NAME = "$(TARGET_NAME)";
				SWIFT_EMIT_LOC_STRINGS = YES;
				SWIFT_VERSION = 5.0;
				TARGETED_DEVICE_FAMILY = "1,2";
			};
			name = Debug;
		};
		3A6659DA2BB6AF2F00A9AAAA /* Release */ = {
			isa = XCBuildConfiguration;
			buildSettings = {
				ASSETCATALOG_COMPILER_APPICON_NAME = AppIcon;
				ASSETCATALOG_COMPILER_GLOBAL_ACCENT_COLOR_NAME = AccentColor;
				CODE_SIGN_STYLE = Automatic;
				CURRENT_PROJECT_VERSION = 1;
				DEVELOPMENT_ASSET_PATHS = "\"ToDoList/Preview Content\"";
				ENABLE_PREVIEWS = YES;
				GENERATE_INFOPLIST_FILE = YES;
				INFOPLIST_KEY_CFBundleDisplayName = "To Do List";
				INFOPLIST_KEY_UIApplicationSceneManifest_Generation = YES;
				INFOPLIST_KEY_UIApplicationSupportsIndirectInputEvents = YES;
				INFOPLIST_KEY_UILaunchScreen_Generation = YES;
				INFOPLIST_KEY_UISupportedInterfaceOrientations = UIInterfaceOrientationPortrait;
				LD_RUNPATH_SEARCH_PATHS = (
					"$(inherited)",
					"@executable_path/Frameworks",
				);
				MARKETING_VERSION = 1.0;
				PRODUCT_BUNDLE_IDENTIFIER = io.zuleyhakezer.ToDoList;
				PRODUCT_NAME = "$(TARGET_NAME)";
				SWIFT_EMIT_LOC_STRINGS = YES;
				SWIFT_VERSION = 5.0;
				TARGETED_DEVICE_FAMILY = "1,2";
			};
			name = Release;
		};
		3A6659DC2BB6AF2F00A9AAAA /* Debug */ = {
			isa = XCBuildConfiguration;
			buildSettings = {
				ALWAYS_EMBED_SWIFT_STANDARD_LIBRARIES = YES;
				BUNDLE_LOADER = "$(TEST_HOST)";
				CODE_SIGN_STYLE = Automatic;
				CURRENT_PROJECT_VERSION = 1;
				GENERATE_INFOPLIST_FILE = YES;
				IPHONEOS_DEPLOYMENT_TARGET = 17.4;
				MARKETING_VERSION = 1.0;
				PRODUCT_BUNDLE_IDENTIFIER = zuleyhakezer.ToDoListTests;
				PRODUCT_NAME = "$(TARGET_NAME)";
				SWIFT_EMIT_LOC_STRINGS = NO;
				SWIFT_VERSION = 5.0;
				TARGETED_DEVICE_FAMILY = "1,2";
				TEST_HOST = "$(BUILT_PRODUCTS_DIR)/ToDoList.app/$(BUNDLE_EXECUTABLE_FOLDER_PATH)/ToDoList";
			};
			name = Debug;
		};
		3A6659DD2BB6AF2F00A9AAAA /* Release */ = {
			isa = XCBuildConfiguration;
			buildSettings = {
				ALWAYS_EMBED_SWIFT_STANDARD_LIBRARIES = YES;
				BUNDLE_LOADER = "$(TEST_HOST)";
				CODE_SIGN_STYLE = Automatic;
				CURRENT_PROJECT_VERSION = 1;
				GENERATE_INFOPLIST_FILE = YES;
				IPHONEOS_DEPLOYMENT_TARGET = 17.4;
				MARKETING_VERSION = 1.0;
				PRODUCT_BUNDLE_IDENTIFIER = zuleyhakezer.ToDoListTests;
				PRODUCT_NAME = "$(TARGET_NAME)";
				SWIFT_EMIT_LOC_STRINGS = NO;
				SWIFT_VERSION = 5.0;
				TARGETED_DEVICE_FAMILY = "1,2";
				TEST_HOST = "$(BUILT_PRODUCTS_DIR)/ToDoList.app/$(BUNDLE_EXECUTABLE_FOLDER_PATH)/ToDoList";
			};
			name = Release;
		};
		3A6659DF2BB6AF2F00A9AAAA /* Debug */ = {
			isa = XCBuildConfiguration;
			buildSettings = {
				ALWAYS_EMBED_SWIFT_STANDARD_LIBRARIES = YES;
				CODE_SIGN_STYLE = Automatic;
				CURRENT_PROJECT_VERSION = 1;
				GENERATE_INFOPLIST_FILE = YES;
				MARKETING_VERSION = 1.0;
				PRODUCT_BUNDLE_IDENTIFIER = zuleyhakezer.ToDoListUITests;
				PRODUCT_NAME = "$(TARGET_NAME)";
				SWIFT_EMIT_LOC_STRINGS = NO;
				SWIFT_VERSION = 5.0;
				TARGETED_DEVICE_FAMILY = "1,2";
				TEST_TARGET_NAME = ToDoList;
			};
			name = Debug;
		};
		3A6659E02BB6AF2F00A9AAAA /* Release */ = {
			isa = XCBuildConfiguration;
			buildSettings = {
				ALWAYS_EMBED_SWIFT_STANDARD_LIBRARIES = YES;
				CODE_SIGN_STYLE = Automatic;
				CURRENT_PROJECT_VERSION = 1;
				GENERATE_INFOPLIST_FILE = YES;
				MARKETING_VERSION = 1.0;
				PRODUCT_BUNDLE_IDENTIFIER = zuleyhakezer.ToDoListUITests;
				PRODUCT_NAME = "$(TARGET_NAME)";
				SWIFT_EMIT_LOC_STRINGS = NO;
				SWIFT_VERSION = 5.0;
				TARGETED_DEVICE_FAMILY = "1,2";
				TEST_TARGET_NAME = ToDoList;
			};
			name = Release;
		};
/* End XCBuildConfiguration section */

/* Begin XCConfigurationList section */
		3A6659AF2BB6AF2E00A9AAAA /* Build configuration list for PBXProject "ToDoList" */ = {
			isa = XCConfigurationList;
			buildConfigurations = (
				3A6659D62BB6AF2F00A9AAAA /* Debug */,
				3A6659D72BB6AF2F00A9AAAA /* Release */,
			);
			defaultConfigurationIsVisible = 0;
			defaultConfigurationName = Release;
		};
		3A6659D82BB6AF2F00A9AAAA /* Build configuration list for PBXNativeTarget "ToDoList" */ = {
			isa = XCConfigurationList;
			buildConfigurations = (
				3A6659D92BB6AF2F00A9AAAA /* Debug */,
				3A6659DA2BB6AF2F00A9AAAA /* Release */,
			);
			defaultConfigurationIsVisible = 0;
			defaultConfigurationName = Release;
		};
		3A6659DB2BB6AF2F00A9AAAA /* Build configuration list for PBXNativeTarget "ToDoListTests" */ = {
			isa = XCConfigurationList;
			buildConfigurations = (
				3A6659DC2BB6AF2F00A9AAAA /* Debug */,
				3A6659DD2BB6AF2F00A9AAAA /* Release */,
			);
			defaultConfigurationIsVisible = 0;
			defaultConfigurationName = Release;
		};
		3A6659DE2BB6AF2F00A9AAAA /* Build configuration list for PBXNativeTarget "ToDoListUITests" */ = {
			isa = XCConfigurationList;
			buildConfigurations = (
				3A6659DF2BB6AF2F00A9AAAA /* Debug */,
				3A6659E02BB6AF2F00A9AAAA /* Release */,
			);
			defaultConfigurationIsVisible = 0;
			defaultConfigurationName = Release;
		};
/* End XCConfigurationList section */

/* Begin XCRemoteSwiftPackageReference section */
		3A4A920B2BBC0EBB006F4839 /* XCRemoteSwiftPackageReference "firebase-ios-sdk" */ = {
			isa = XCRemoteSwiftPackageReference;
			repositoryURL = "https://github.com/firebase/firebase-ios-sdk";
			requirement = {
				kind = upToNextMajorVersion;
				minimumVersion = 10.23.1;
			};
		};
/* End XCRemoteSwiftPackageReference section */

/* Begin XCSwiftPackageProductDependency section */
		3A4A920C2BBC0EBB006F4839 /* FirebaseAuth */ = {
			isa = XCSwiftPackageProductDependency;
			package = 3A4A920B2BBC0EBB006F4839 /* XCRemoteSwiftPackageReference "firebase-ios-sdk" */;
			productName = FirebaseAuth;
		};
		3A4A920E2BBC0EBB006F4839 /* FirebaseFirestoreCombine-Community */ = {
			isa = XCSwiftPackageProductDependency;
			package = 3A4A920B2BBC0EBB006F4839 /* XCRemoteSwiftPackageReference "firebase-ios-sdk" */;
			productName = "FirebaseFirestoreCombine-Community";
		};
		3A4A92102BBC0EBB006F4839 /* FirebaseFirestoreSwift */ = {
			isa = XCSwiftPackageProductDependency;
			package = 3A4A920B2BBC0EBB006F4839 /* XCRemoteSwiftPackageReference "firebase-ios-sdk" */;
			productName = FirebaseFirestoreSwift;
		};
/* End XCSwiftPackageProductDependency section */
	};
	rootObject = 3A6659AC2BB6AF2E00A9AAAA /* Project object */;
}
